<?xml version="1.0" encoding="UTF-8"?>
<Scheme
   LastUpgradeVersion = "1620"
   version = "1.7">
   <BuildAction
      parallelizeBuildables = "YES"
      buildImplicitDependencies = "YES"
      buildArchitectures = "Automatic">
      <BuildActionEntries>
         <BuildActionEntry
            buildForTesting = "YES"
            buildForRunning = "YES"
            buildForProfiling = "YES"
            buildForArchiving = "YES"
            buildForAnalyzing = "YES">
            <BuildableReference
               BuildableIdentifier = "primary"
               BlueprintIdentifier = "BFF75C6D2D43707B00CF472F"
               BuildableName = "AdditiveSynthChange"
               BlueprintName = "AdditiveSynthChange"
               ReferencedContainer = "container:AdditiveSynthChange.xcodeproj">
            </BuildableReference>
         </BuildActionEntry>
      </BuildActionEntries>
   </BuildAction>
   <TestAction
      buildConfiguration = "Debug"
      selectedDebuggerIdentifier = "Xcode.DebuggerFoundation.Debugger.LLDB"
      selectedLauncherIdentifier = "Xcode.DebuggerFoundation.Launcher.LLDB"
      shouldUseLaunchSchemeArgsEnv = "YES"
      shouldAutocreateTestPlan = "YES">
   </TestAction>
   <LaunchAction
      buildConfiguration = "Debug"
      selectedDebuggerIdentifier = "Xcode.DebuggerFoundation.Debugger.LLDB"
      selectedLauncherIdentifier = "Xcode.DebuggerFoundation.Launcher.LLDB"
      launchStyle = "0"
      useCustomWorkingDirectory = "NO"
      ignoresPersistentStateOnLaunch = "NO"
      debugDocumentVersioning = "YES"
      debugServiceExtension = "internal"
      allowLocationSimulation = "YES"
      viewDebuggingEnabled = "No">
      <BuildableProductRunnable
         runnableDebuggingMode = "0">
         <BuildableReference
            BuildableIdentifier = "primary"
            BlueprintIdentifier = "BFF75C6D2D43707B00CF472F"
            BuildableName = "AdditiveSynthChange"
            BlueprintName = "AdditiveSynthChange"
            ReferencedContainer = "container:AdditiveSynthChange.xcodeproj">
         </BuildableReference>
      </BuildableProductRunnable>
      <CommandLineArguments>
         <CommandLineArgument
            argument = "/Users/Riley/Desktop/comparingOut/outputAudioFiles/Originals/1985.wav /Users/Riley/Desktop/comparingOut/oldNewComp/old/oldOut1985.wav 16 "
            isEnabled = "NO">
         </CommandLineArgument>
         <CommandLineArgument
            argument = "/Users/Riley/Desktop/comparingOut/outputAudioFiles/Originals/Female_Sung_Line_3_48.wav /Users/Riley/Desktop/comparingOut/oldNewComp/new/newFemale_Sung_Line_3.wav 16 "
            isEnabled = "YES">
         </CommandLineArgument>
         <CommandLineArgument
            argument = "/Users/Riley/Desktop/comparingOut/outputAudioFiles/Originals/Female_Sung_Line_3.wav /Users/Riley/Desktop/comparingOut/oldNewComp/new/new7thFemale_Sung_Line_3.wav 16"
            isEnabled = "NO">
         </CommandLineArgument>
         <CommandLineArgument
            argument = "/Users/Riley/Desktop/comparingOut/outputAudioFiles/Originals/take-me-out.wav /Users/Riley/Desktop/comparingOut/oldNewComp/new/newOuttake-me-out.wav 16 "
            isEnabled = "NO">
         </CommandLineArgument>
         <CommandLineArgument
            argument = "/Users/Riley/Desktop/comparingOut/outputAudioFiles/Originals/SaintSaensMonoChord.wav /Users/Riley/Desktop/comparingOut/oldNewComp/new/new7thOutSaintSaensMonoChord.wav 16 "
            isEnabled = "NO">
         </CommandLineArgument>
         <CommandLineArgument
            argument = "/Users/Riley/Desktop/comparingOut/outputAudioFiles/Originals/HappyMono.wav /Users/Riley/Desktop/comparingOut/oldNewComp/new/4newOutHappyMono.wav 16 "
            isEnabled = "NO">
         </CommandLineArgument>
         <CommandLineArgument
            argument = "/Users/Riley/Desktop/comparingOut/outputAudioFiles/Originals/FairlightAdditiveWaveTA1_C2.wav /Users/Riley/Desktop/comparingOut/oldNewComp/new/newOutFairlightAdditiveWaveTA1_C2.wav 16 "
            isEnabled = "NO">
         </CommandLineArgument>
         <CommandLineArgument
            argument = "/Users/Riley/Desktop/comparingOut/outputAudioFiles/Originals/Female_Sung_Line_3_48.wav /Users/Riley/Desktop/comparingOut/oldNewComp/new/newOutFemale_Sung_Line_3.wav 16 "
            isEnabled = "NO">
         </CommandLineArgument>
         <CommandLineArgument
            argument = "/Users/Riley/Desktop/comparingOut/outputAudioFiles/Originals/DrumLoopShort.wav /Users/Riley/Desktop/comparingOut/oldNewComp/new/newOutDrumLoopShort.wav 16 "
            isEnabled = "NO">
         </CommandLineArgument>
      </CommandLineArguments>
   </LaunchAction>
   <ProfileAction
      buildConfiguration = "Release"
      shouldUseLaunchSchemeArgsEnv = "YES"
      savedToolIdentifier = ""
      useCustomWorkingDirectory = "NO"
      debugDocumentVersioning = "YES">
      <BuildableProductRunnable
         runnableDebuggingMode = "0">
         <BuildableReference
            BuildableIdentifier = "primary"
            BlueprintIdentifier = "BFF75C6D2D43707B00CF472F"
            BuildableName = "AdditiveSynthChange"
            BlueprintName = "AdditiveSynthChange"
            ReferencedContainer = "container:AdditiveSynthChange.xcodeproj">
         </BuildableReference>
      </BuildableProductRunnable>
   </ProfileAction>
   <AnalyzeAction
      buildConfiguration = "Debug">
   </AnalyzeAction>
   <ArchiveAction
      buildConfiguration = "Release"
      revealArchiveInOrganizer = "YES">
   </ArchiveAction>
</Scheme>
